// !$*UTF8*$!
{
	archiveVersion = 1;
	classes = {
	};
	objectVersion = 46;
	objects = {

/* Begin PBXBuildFile section */
		DADE9B121D9E6E3B00C68612 /* main.m in Sources */ = {isa = PBXBuildFile; fileRef = DADE9B111D9E6E3B00C68612 /* main.m */; };
		DADE9B151D9E6E3B00C68612 /* AppDelegate.m in Sources */ = {isa = PBXBuildFile; fileRef = DADE9B141D9E6E3B00C68612 /* AppDelegate.m */; };
		DADE9B181D9E6E3B00C68612 /* ViewController.m in Sources */ = {isa = PBXBuildFile; fileRef = DADE9B171D9E6E3B00C68612 /* ViewController.m */; };
		DADE9B1B1D9E6E3B00C68612 /* Main.storyboard in Resources */ = {isa = PBXBuildFile; fileRef = DADE9B191D9E6E3B00C68612 /* Main.storyboard */; };
		DADE9B1E1D9E6E3B00C68612 /* CrudOperationsNew.xcdatamodeld in Sources */ = {isa = PBXBuildFile; fileRef = DADE9B1C1D9E6E3B00C68612 /* CrudOperationsNew.xcdatamodeld */; };
		DADE9B201D9E6E3B00C68612 /* Assets.xcassets in Resources */ = {isa = PBXBuildFile; fileRef = DADE9B1F1D9E6E3B00C68612 /* Assets.xcassets */; };
		DADE9B231D9E6E3B00C68612 /* LaunchScreen.storyboard in Resources */ = {isa = PBXBuildFile; fileRef = DADE9B211D9E6E3B00C68612 /* LaunchScreen.storyboard */; };
		DADE9B2E1D9E6E3B00C68612 /* CrudOperationsNewTests.m in Sources */ = {isa = PBXBuildFile; fileRef = DADE9B2D1D9E6E3B00C68612 /* CrudOperationsNewTests.m */; };
		DADE9B391D9E6E3B00C68612 /* CrudOperationsNewUITests.m in Sources */ = {isa = PBXBuildFile; fileRef = DADE9B381D9E6E3B00C68612 /* CrudOperationsNewUITests.m */; };
		DADE9B481D9E6F5000C68612 /* TableViewCell.m in Sources */ = {isa = PBXBuildFile; fileRef = DADE9B471D9E6F5000C68612 /* TableViewCell.m */; };
		DADE9B4B1D9E8B4000C68612 /* Entity.m in Sources */ = {isa = PBXBuildFile; fileRef = DADE9B4A1D9E8B4000C68612 /* Entity.m */; };
/* End PBXBuildFile section */

/* Begin PBXContainerItemProxy section */
		DADE9B2A1D9E6E3B00C68612 /* PBXContainerItemProxy */ = {
			isa = PBXContainerItemProxy;
			containerPortal = DADE9B051D9E6E3B00C68612 /* Project object */;
			proxyType = 1;
			remoteGlobalIDString = DADE9B0C1D9E6E3B00C68612;
			remoteInfo = CrudOperationsNew;
		};
		DADE9B351D9E6E3B00C68612 /* PBXContainerItemProxy */ = {
			isa = PBXContainerItemProxy;
			containerPortal = DADE9B051D9E6E3B00C68612 /* Project object */;
			proxyType = 1;
			remoteGlobalIDString = DADE9B0C1D9E6E3B00C68612;
			remoteInfo = CrudOperationsNew;
		};
/* End PBXContainerItemProxy section */

/* Begin PBXFileReference section */
		DADE9B0D1D9E6E3B00C68612 /* CrudOperationsNew.app */ = {isa = PBXFileReference; explicitFileType = wrapper.application; includeInIndex = 0; path = CrudOperationsNew.app; sourceTree = BUILT_PRODUCTS_DIR; };
		DADE9B111D9E6E3B00C68612 /* main.m */ = {isa = PBXFileReference; lastKnownFileType = sourcecode.c.objc; path = main.m; sourceTree = "<group>"; };
		DADE9B131D9E6E3B00C68612 /* AppDelegate.h */ = {isa = PBXFileReference; lastKnownFileType = sourcecode.c.h; path = AppDelegate.h; sourceTree = "<group>"; };
		DADE9B141D9E6E3B00C68612 /* AppDelegate.m */ = {isa = PBXFileReference; lastKnownFileType = sourcecode.c.objc; path = AppDelegate.m; sourceTree = "<group>"; };
		DADE9B161D9E6E3B00C68612 /* ViewController.h */ = {isa = PBXFileReference; lastKnownFileType = sourcecode.c.h; path = ViewController.h; sourceTree = "<group>"; };
		DADE9B171D9E6E3B00C68612 /* ViewController.m */ = {isa = PBXFileReference; lastKnownFileType = sourcecode.c.objc; path = ViewController.m; sourceTree = "<group>"; };
		DADE9B1A1D9E6E3B00C68612 /* Base */ = {isa = PBXFileReference; lastKnownFileType = file.storyboard; name = Base; path = Base.lproj/Main.storyboard; sourceTree = "<group>"; };
		DADE9B1D1D9E6E3B00C68612 /* CrudOperationsNew.xcdatamodel */ = {isa = PBXFileReference; lastKnownFileType = wrapper.xcdatamodel; path = CrudOperationsNew.xcdatamodel; sourceTree = "<group>"; };
		DADE9B1F1D9E6E3B00C68612 /* Assets.xcassets */ = {isa = PBXFileReference; lastKnownFileType = folder.assetcatalog; path = Assets.xcassets; sourceTree = "<group>"; };
		DADE9B221D9E6E3B00C68612 /* Base */ = {isa = PBXFileReference; lastKnownFileType = file.storyboard; name = Base; path = Base.lproj/LaunchScreen.storyboard; sourceTree = "<group>"; };
		DADE9B241D9E6E3B00C68612 /* Info.plist */ = {isa = PBXFileReference; lastKnownFileType = text.plist.xml; path = Info.plist; sourceTree = "<group>"; };
		DADE9B291D9E6E3B00C68612 /* CrudOperationsNewTests.xctest */ = {isa = PBXFileReference; explicitFileType = wrapper.cfbundle; includeInIndex = 0; path = CrudOperationsNewTests.xctest; sourceTree = BUILT_PRODUCTS_DIR; };
		DADE9B2D1D9E6E3B00C68612 /* CrudOperationsNewTests.m */ = {isa = PBXFileReference; lastKnownFileType = sourcecode.c.objc; path = CrudOperationsNewTests.m; sourceTree = "<group>"; };
		DADE9B2F1D9E6E3B00C68612 /* Info.plist */ = {isa = PBXFileReference; lastKnownFileType = text.plist.xml; path = Info.plist; sourceTree = "<group>"; };
		DADE9B341D9E6E3B00C68612 /* CrudOperationsNewUITests.xctest */ = {isa = PBXFileReference; explicitFileType = wrapper.cfbundle; includeInIndex = 0; path = CrudOperationsNewUITests.xctest; sourceTree = BUILT_PRODUCTS_DIR; };
		DADE9B381D9E6E3B00C68612 /* CrudOperationsNewUITests.m */ = {isa = PBXFileReference; lastKnownFileType = sourcecode.c.objc; path = CrudOperationsNewUITests.m; sourceTree = "<group>"; };
		DADE9B3A1D9E6E3B00C68612 /* Info.plist */ = {isa = PBXFileReference; lastKnownFileType = text.plist.xml; path = Info.plist; sourceTree = "<group>"; };
		DADE9B461D9E6F5000C68612 /* TableViewCell.h */ = {isa = PBXFileReference; fileEncoding = 4; lastKnownFileType = sourcecode.c.h; path = TableViewCell.h; sourceTree = "<group>"; };
		DADE9B471D9E6F5000C68612 /* TableViewCell.m */ = {isa = PBXFileReference; fileEncoding = 4; lastKnownFileType = sourcecode.c.objc; path = TableViewCell.m; sourceTree = "<group>"; };
		DADE9B491D9E8B4000C68612 /* Entity.h */ = {isa = PBXFileReference; fileEncoding = 4; lastKnownFileType = sourcecode.c.h; path = Entity.h; sourceTree = "<group>"; };
		DADE9B4A1D9E8B4000C68612 /* Entity.m */ = {isa = PBXFileReference; fileEncoding = 4; lastKnownFileType = sourcecode.c.objc; path = Entity.m; sourceTree = "<group>"; };
/* End PBXFileReference section */

/* Begin PBXFrameworksBuildPhase section */
		DADE9B0A1D9E6E3B00C68612 /* Frameworks */ = {
			isa = PBXFrameworksBuildPhase;
			buildActionMask = 2147483647;
			files = (
			);
			runOnlyForDeploymentPostprocessing = 0;
		};
		DADE9B261D9E6E3B00C68612 /* Frameworks */ = {
			isa = PBXFrameworksBuildPhase;
			buildActionMask = 2147483647;
			files = (
			);
			runOnlyForDeploymentPostprocessing = 0;
		};
		DADE9B311D9E6E3B00C68612 /* Frameworks */ = {
			isa = PBXFrameworksBuildPhase;
			buildActionMask = 2147483647;
			files = (
			);
			runOnlyForDeploymentPostprocessing = 0;
		};
/* End PBXFrameworksBuildPhase section */

/* Begin PBXGroup section */
		DADE9B041D9E6E3B00C68612 = {
			isa = PBXGroup;
			children = (
				DADE9B0F1D9E6E3B00C68612 /* CrudOperationsNew */,
				DADE9B2C1D9E6E3B00C68612 /* CrudOperationsNewTests */,
				DADE9B371D9E6E3B00C68612 /* CrudOperationsNewUITests */,
				DADE9B0E1D9E6E3B00C68612 /* Products */,
			);
			sourceTree = "<group>";
		};
		DADE9B0E1D9E6E3B00C68612 /* Products */ = {
			isa = PBXGroup;
			children = (
				DADE9B0D1D9E6E3B00C68612 /* CrudOperationsNew.app */,
				DADE9B291D9E6E3B00C68612 /* CrudOperationsNewTests.xctest */,
				DADE9B341D9E6E3B00C68612 /* CrudOperationsNewUITests.xctest */,
			);
			name = Products;
			sourceTree = "<group>";
		};
		DADE9B0F1D9E6E3B00C68612 /* CrudOperationsNew */ = {
			isa = PBXGroup;
			children = (
				DADE9B131D9E6E3B00C68612 /* AppDelegate.h */,
				DADE9B141D9E6E3B00C68612 /* AppDelegate.m */,
				DADE9B491D9E8B4000C68612 /* Entity.h */,
				DADE9B4A1D9E8B4000C68612 /* Entity.m */,
				DADE9B161D9E6E3B00C68612 /* ViewController.h */,
				DADE9B171D9E6E3B00C68612 /* ViewController.m */,
				DADE9B461D9E6F5000C68612 /* TableViewCell.h */,
				DADE9B471D9E6F5000C68612 /* TableViewCell.m */,
				DADE9B191D9E6E3B00C68612 /* Main.storyboard */,
				DADE9B1F1D9E6E3B00C68612 /* Assets.xcassets */,
				DADE9B211D9E6E3B00C68612 /* LaunchScreen.storyboard */,
				DADE9B241D9E6E3B00C68612 /* Info.plist */,
				DADE9B1C1D9E6E3B00C68612 /* CrudOperationsNew.xcdatamodeld */,
				DADE9B101D9E6E3B00C68612 /* Supporting Files */,
			);
			path = CrudOperationsNew;
			sourceTree = "<group>";
		};
		DADE9B101D9E6E3B00C68612 /* Supporting Files */ = {
			isa = PBXGroup;
			children = (
				DADE9B111D9E6E3B00C68612 /* main.m */,
			);
			name = "Supporting Files";
			sourceTree = "<group>";
		};
		DADE9B2C1D9E6E3B00C68612 /* CrudOperationsNewTests */ = {
			isa = PBXGroup;
			children = (
				DADE9B2D1D9E6E3B00C68612 /* CrudOperationsNewTests.m */,
				DADE9B2F1D9E6E3B00C68612 /* Info.plist */,
			);
			path = CrudOperationsNewTests;
			sourceTree = "<group>";
		};
		DADE9B371D9E6E3B00C68612 /* CrudOperationsNewUITests */ = {
			isa = PBXGroup;
			children = (
				DADE9B381D9E6E3B00C68612 /* CrudOperationsNewUITests.m */,
				DADE9B3A1D9E6E3B00C68612 /* Info.plist */,
			);
			path = CrudOperationsNewUITests;
			sourceTree = "<group>";
		};
/* End PBXGroup section */

/* Begin PBXNativeTarget section */
		DADE9B0C1D9E6E3B00C68612 /* CrudOperationsNew */ = {
			isa = PBXNativeTarget;
			buildConfigurationList = DADE9B3D1D9E6E3B00C68612 /* Build configuration list for PBXNativeTarget "CrudOperationsNew" */;
			buildPhases = (
				DADE9B091D9E6E3B00C68612 /* Sources */,
				DADE9B0A1D9E6E3B00C68612 /* Frameworks */,
				DADE9B0B1D9E6E3B00C68612 /* Resources */,
			);
			buildRules = (
			);
			dependencies = (
			);
			name = CrudOperationsNew;
			productName = CrudOperationsNew;
			productReference = DADE9B0D1D9E6E3B00C68612 /* CrudOperationsNew.app */;
			productType = "com.apple.product-type.application";
		};
		DADE9B281D9E6E3B00C68612 /* CrudOperationsNewTests */ = {
			isa = PBXNativeTarget;
			buildConfigurationList = DADE9B401D9E6E3B00C68612 /* Build configuration list for PBXNativeTarget "CrudOperationsNewTests" */;
			buildPhases = (
				DADE9B251D9E6E3B00C68612 /* Sources */,
				DADE9B261D9E6E3B00C68612 /* Frameworks */,
				DADE9B271D9E6E3B00C68612 /* Resources */,
			);
			buildRules = (
			);
			dependencies = (
				DADE9B2B1D9E6E3B00C68612 /* PBXTargetDependency */,
			);
			name = CrudOperationsNewTests;
			productName = CrudOperationsNewTests;
			productReference = DADE9B291D9E6E3B00C68612 /* CrudOperationsNewTests.xctest */;
			productType = "com.apple.product-type.bundle.unit-test";
		};
		DADE9B331D9E6E3B00C68612 /* CrudOperationsNewUITests */ = {
			isa = PBXNativeTarget;
			buildConfigurationList = DADE9B431D9E6E3B00C68612 /* Build configuration list for PBXNativeTarget "CrudOperationsNewUITests" */;
			buildPhases = (
				DADE9B301D9E6E3B00C68612 /* Sources */,
				DADE9B311D9E6E3B00C68612 /* Frameworks */,
				DADE9B321D9E6E3B00C68612 /* Resources */,
			);
			buildRules = (
			);
			dependencies = (
				DADE9B361D9E6E3B00C68612 /* PBXTargetDependency */,
			);
			name = CrudOperationsNewUITests;
			productName = CrudOperationsNewUITests;
			productReference = DADE9B341D9E6E3B00C68612 /* CrudOperationsNewUITests.xctest */;
			productType = "com.apple.product-type.bundle.ui-testing";
		};
/* End PBXNativeTarget section */

/* Begin PBXProject section */
		DADE9B051D9E6E3B00C68612 /* Project object */ = {
			isa = PBXProject;
			attributes = {
				LastUpgradeCheck = 0810;
				ORGANIZATIONNAME = "Nagam Pawan";
				TargetAttributes = {
					DADE9B0C1D9E6E3B00C68612 = {
						CreatedOnToolsVersion = 8.0;
						ProvisioningStyle = Automatic;
					};
					DADE9B281D9E6E3B00C68612 = {
						CreatedOnToolsVersion = 8.0;
						ProvisioningStyle = Automatic;
						TestTargetID = DADE9B0C1D9E6E3B00C68612;
					};
					DADE9B331D9E6E3B00C68612 = {
						CreatedOnToolsVersion = 8.0;
						ProvisioningStyle = Automatic;
						TestTargetID = DADE9B0C1D9E6E3B00C68612;
					};
				};
			};
			buildConfigurationList = DADE9B081D9E6E3B00C68612 /* Build configuration list for PBXProject "CrudOperationsNew" */;
			compatibilityVersion = "Xcode 3.2";
			developmentRegion = English;
			hasScannedForEncodings = 0;
			knownRegions = (
				en,
				Base,
			);
			mainGroup = DADE9B041D9E6E3B00C68612;
			productRefGroup = DADE9B0E1D9E6E3B00C68612 /* Products */;
			projectDirPath = "";
			projectRoot = "";
			targets = (
				DADE9B0C1D9E6E3B00C68612 /* CrudOperationsNew */,
				DADE9B281D9E6E3B00C68612 /* CrudOperationsNewTests */,
				DADE9B331D9E6E3B00C68612 /* CrudOperationsNewUITests */,
			);
		};
/* End PBXProject section */

/* Begin PBXResourcesBuildPhase section */
		DADE9B0B1D9E6E3B00C68612 /* Resources */ = {
			isa = PBXResourcesBuildPhase;
			buildActionMask = 2147483647;
			files = (
				DADE9B231D9E6E3B00C68612 /* LaunchScreen.storyboard in Resources */,
				DADE9B201D9E6E3B00C68612 /* Assets.xcassets in Resources */,
				DADE9B1B1D9E6E3B00C68612 /* Main.storyboard in Resources */,
			);
			runOnlyForDeploymentPostprocessing = 0;
		};
		DADE9B271D9E6E3B00C68612 /* Resources */ = {
			isa = PBXResourcesBuildPhase;
			buildActionMask = 2147483647;
			files = (
			);
			runOnlyForDeploymentPostprocessing = 0;
		};
		DADE9B321D9E6E3B00C68612 /* Resources */ = {
			isa = PBXResourcesBuildPhase;
			buildActionMask = 2147483647;
			files = (
			);
			runOnlyForDeploymentPostprocessing = 0;
		};
/* End PBXResourcesBuildPhase section */

/* Begin PBXSourcesBuildPhase section */
		DADE9B091D9E6E3B00C68612 /* Sources */ = {
			isa = PBXSourcesBuildPhase;
			buildActionMask = 2147483647;
			files = (
				DADE9B4B1D9E8B4000C68612 /* Entity.m in Sources */,
				DADE9B181D9E6E3B00C68612 /* ViewController.m in Sources */,
				DADE9B151D9E6E3B00C68612 /* AppDelegate.m in Sources */,
				DADE9B1E1D9E6E3B00C68612 /* CrudOperationsNew.xcdatamodeld in Sources */,
				DADE9B481D9E6F5000C68612 /* TableViewCell.m in Sources */,
				DADE9B121D9E6E3B00C68612 /* main.m in Sources */,
			);
			runOnlyForDeploymentPostprocessing = 0;
		};
		DADE9B251D9E6E3B00C68612 /* Sources */ = {
			isa = PBXSourcesBuildPhase;
			buildActionMask = 2147483647;
			files = (
				DADE9B2E1D9E6E3B00C68612 /* CrudOperationsNewTests.m in Sources */,
			);
			runOnlyForDeploymentPostprocessing = 0;
		};
		DADE9B301D9E6E3B00C68612 /* Sources */ = {
			isa = PBXSourcesBuildPhase;
			buildActionMask = 2147483647;
			files = (
				DADE9B391D9E6E3B00C68612 /* CrudOperationsNewUITests.m in Sources */,
			);
			runOnlyForDeploymentPostprocessing = 0;
		};
/* End PBXSourcesBuildPhase section */

/* Begin PBXTargetDependency section */
		DADE9B2B1D9E6E3B00C68612 /* PBXTargetDependency */ = {
			isa = PBXTargetDependency;
			target = DADE9B0C1D9E6E3B00C68612 /* CrudOperationsNew */;
			targetProxy = DADE9B2A1D9E6E3B00C68612 /* PBXContainerItemProxy */;
		};
		DADE9B361D9E6E3B00C68612 /* PBXTargetDependency */ = {
			isa = PBXTargetDependency;
			target = DADE9B0C1D9E6E3B00C68612 /* CrudOperationsNew */;
			targetProxy = DADE9B351D9E6E3B00C68612 /* PBXContainerItemProxy */;
		};
/* End PBXTargetDependency section */

/* Begin PBXVariantGroup section */
		DADE9B191D9E6E3B00C68612 /* Main.storyboard */ = {
			isa = PBXVariantGroup;
			children = (
				DADE9B1A1D9E6E3B00C68612 /* Base */,
			);
			name = Main.storyboard;
			sourceTree = "<group>";
		};
		DADE9B211D9E6E3B00C68612 /* LaunchScreen.storyboard */ = {
			isa = PBXVariantGroup;
			children = (
				DADE9B221D9E6E3B00C68612 /* Base */,
			);
			name = LaunchScreen.storyboard;
			sourceTree = "<group>";
		};
/* End PBXVariantGroup section */

/* Begin XCBuildConfiguration section */
		DADE9B3B1D9E6E3B00C68612 /* Debug */ = {
			isa = XCBuildConfiguration;
			buildSettings = {
				ALWAYS_SEARCH_USER_PATHS = NO;
				CLANG_ANALYZER_NONNULL = YES;
				CLANG_CXX_LANGUAGE_STANDARD = "gnu++0x";
				CLANG_CXX_LIBRARY = "libc++";
				CLANG_ENABLE_MODULES = YES;
				CLANG_ENABLE_OBJC_ARC = YES;
				CLANG_WARN_BOOL_CONVERSION = YES;
				CLANG_WARN_CONSTANT_CONVERSION = YES;
				CLANG_WARN_DIRECT_OBJC_ISA_USAGE = YES_ERROR;
				CLANG_WARN_DOCUMENTATION_COMMENTS = YES;
				CLANG_WARN_EMPTY_BODY = YES;
				CLANG_WARN_ENUM_CONVERSION = YES;
				CLANG_WARN_INFINITE_RECURSION = YES;
				CLANG_WARN_INT_CONVERSION = YES;
				CLANG_WARN_OBJC_ROOT_CLASS = YES_ERROR;
				CLANG_WARN_SUSPICIOUS_MOVE = YES;
				CLANG_WARN_SUSPICIOUS_MOVES = YES;
				CLANG_WARN_UNREACHABLE_CODE = YES;
				CLANG_WARN__DUPLICATE_METHOD_MATCH = YES;
				"CODE_SIGN_IDENTITY[sdk=iphoneos*]" = "iPhone Developer";
				COPY_PHASE_STRIP = NO;
				DEBUG_INFORMATION_FORMAT = dwarf;
				ENABLE_STRICT_OBJC_MSGSEND = YES;
				ENABLE_TESTABILITY = YES;
				GCC_C_LANGUAGE_STANDARD = gnu99;
				GCC_DYNAMIC_NO_PIC = NO;
				GCC_NO_COMMON_BLOCKS = YES;
				GCC_OPTIMIZATION_LEVEL = 0;
				GCC_PREPROCESSOR_DEFINITIONS = (
					"DEBUG=1",
					"$(inherited)",
				);
				GCC_WARN_64_TO_32_BIT_CONVERSION = YES;
				GCC_WARN_ABOUT_RETURN_TYPE = YES_ERROR;
				GCC_WARN_UNDECLARED_SELECTOR = YES;
				GCC_WARN_UNINITIALIZED_AUTOS = YES_AGGRESSIVE;
				GCC_WARN_UNUSED_FUNCTION = YES;
				GCC_WARN_UNUSED_VARIABLE = YES;
				IPHONEOS_DEPLOYMENT_TARGET = 10.0;
				MTL_ENABLE_DEBUG_INFO = YES;
				ONLY_ACTIVE_ARCH = YES;
				SDKROOT = iphoneos;
				TARGETED_DEVICE_FAMILY = "1,2";
			};
			name = Debug;
		};
		DADE9B3C1D9E6E3B00C68612 /* Release */ = {
			isa = XCBuildConfiguration;
			buildSettings = {
				ALWAYS_SEARCH_USER_PATHS = NO;
				CLANG_ANALYZER_NONNULL = YES;
				CLANG_CXX_LANGUAGE_STANDARD = "gnu++0x";
				CLANG_CXX_LIBRARY = "libc++";
				CLANG_ENABLE_MODULES = YES;
				CLANG_ENABLE_OBJC_ARC = YES;
				CLANG_WARN_BOOL_CONVERSION = YES;
				CLANG_WARN_CONSTANT_CONVERSION = YES;
				CLANG_WARN_DIRECT_OBJC_ISA_USAGE = YES_ERROR;
				CLANG_WARN_DOCUMENTATION_COMMENTS = YES;
				CLANG_WARN_EMPTY_BODY = YES;
				CLANG_WARN_ENUM_CONVERSION = YES;
				CLANG_WARN_INFINITE_RECURSION = YES;
				CLANG_WARN_INT_CONVERSION = YES;
				CLANG_WARN_OBJC_ROOT_CLASS = YES_ERROR;
				CLANG_WARN_SUSPICIOUS_MOVE = YES;
				CLANG_WARN_SUSPICIOUS_MOVES = YES;
				CLANG_WARN_UNREACHABLE_CODE = YES;
				CLANG_WARN__DUPLICATE_METHOD_MATCH = YES;
				"CODE_SIGN_IDENTITY[sdk=iphoneos*]" = "iPhone Developer";
				COPY_PHASE_STRIP = NO;
				DEBUG_INFORMATION_FORMAT = "dwarf-with-dsym";
				ENABLE_NS_ASSERTIONS = NO;
				ENABLE_STRICT_OBJC_MSGSEND = YES;
				GCC_C_LANGUAGE_STANDARD = gnu99;
				GCC_NO_COMMON_BLOCKS = YES;
				GCC_WARN_64_TO_32_BIT_CONVERSION = YES;
				GCC_WARN_ABOUT_RETURN_TYPE = YES_ERROR;
				GCC_WARN_UNDECLARED_SELECTOR = YES;
				GCC_WARN_UNINITIALIZED_AUTOS = YES_AGGRESSIVE;
				GCC_WARN_UNUSED_FUNCTION = YES;
				GCC_WARN_UNUSED_VARIABLE = YES;
				IPHONEOS_DEPLOYMENT_TARGET = 10.0;
				MTL_ENABLE_DEBUG_INFO = NO;
				SDKROOT = iphoneos;
				TARGETED_DEVICE_FAMILY = "1,2";
				VALIDATE_PRODUCT = YES;
			};
			name = Release;
		};
		DADE9B3E1D9E6E3B00C68612 /* Debug */ = {
			isa = XCBuildConfiguration;
			buildSettings = {
				ASSETCATALOG_COMPILER_APPICON_NAME = AppIcon;
				INFOPLIST_FILE = CrudOperationsNew/Info.plist;
				LD_RUNPATH_SEARCH_PATHS = "$(inherited) @executable_path/Frameworks";
				PRODUCT_BUNDLE_IDENTIFIER = Neorays.CrudOperationsNew;
				PRODUCT_NAME = "$(TARGET_NAME)";
			};
			name = Debug;
		};
		DADE9B3F1D9E6E3B00C68612 /* Release */ = {
			isa = XCBuildConfiguration;
			buildSettings = {
				ASSETCATALOG_COMPILER_APPICON_NAME = AppIcon;
				INFOPLIST_FILE = CrudOperationsNew/Info.plist;
				LD_RUNPATH_SEARCH_PATHS = "$(inherited) @executable_path/Frameworks";
				PRODUCT_BUNDLE_IDENTIFIER = Neorays.CrudOperationsNew;
				PRODUCT_NAME = "$(TARGET_NAME)";
			};
			name = Release;
		};
		DADE9B411D9E6E3B00C68612 /* Debug */ = {
			isa = XCBuildConfiguration;
			buildSettings = {
				BUNDLE_LOADER = "$(TEST_HOST)";
				INFOPLIST_FILE = CrudOperationsNewTests/Info.plist;
				LD_RUNPATH_SEARCH_PATHS = "$(inherited) @executable_path/Frameworks @loader_path/Frameworks";
				PRODUCT_BUNDLE_IDENTIFIER = Neorays.CrudOperationsNewTests;
				PRODUCT_NAME = "$(TARGET_NAME)";
				TEST_HOST = "$(BUILT_PRODUCTS_DIR)/CrudOperationsNew.app/CrudOperationsNew";
			};
			name = Debug;
		};
		DADE9B421D9E6E3B00C68612 /* Release */ = {
			isa = XCBuildConfiguration;
			buildSettings = {
				BUNDLE_LOADER = "$(TEST_HOST)";
				INFOPLIST_FILE = CrudOperationsNewTests/Info.plist;
				LD_RUNPATH_SEARCH_PATHS = "$(inherited) @executable_path/Frameworks @loader_path/Frameworks";
				PRODUCT_BUNDLE_IDENTIFIER = Neorays.CrudOperationsNewTests;
				PRODUCT_NAME = "$(TARGET_NAME)";
				TEST_HOST = "$(BUILT_PRODUCTS_DIR)/CrudOperationsNew.app/CrudOperationsNew";
			};
			name = Release;
		};
		DADE9B441D9E6E3B00C68612 /* Debug */ = {
			isa = XCBuildConfiguration;
			buildSettings = {
				INFOPLIST_FILE = CrudOperationsNewUITests/Info.plist;
				LD_RUNPATH_SEARCH_PATHS = "$(inherited) @executable_path/Frameworks @loader_path/Frameworks";
				PRODUCT_BUNDLE_IDENTIFIER = Neorays.CrudOperationsNewUITests;
				PRODUCT_NAME = "$(TARGET_NAME)";
				TEST_TARGET_NAME = CrudOperationsNew;
			};
			name = Debug;
		};
		DADE9B451D9E6E3B00C68612 /* Release */ = {
			isa = XCBuildConfiguration;
			buildSettings = {
				INFOPLIST_FILE = CrudOperationsNewUITests/Info.plist;
				LD_RUNPATH_SEARCH_PATHS = "$(inherited) @executable_path/Frameworks @loader_path/Frameworks";
				PRODUCT_BUNDLE_IDENTIFIER = Neorays.CrudOperationsNewUITests;
				PRODUCT_NAME = "$(TARGET_NAME)";
				TEST_TARGET_NAME = CrudOperationsNew;
			};
			name = Release;
		};
/* End XCBuildConfiguration section */

/* Begin XCConfigurationList section */
		DADE9B081D9E6E3B00C68612 /* Build configuration list for PBXProject "CrudOperationsNew" */ = {
			isa = XCConfigurationList;
			buildConfigurations = (
				DADE9B3B1D9E6E3B00C68612 /* Debug */,
				DADE9B3C1D9E6E3B00C68612 /* Release */,
			);
			defaultConfigurationIsVisible = 0;
			defaultConfigurationName = Release;
		};
		DADE9B3D1D9E6E3B00C68612 /* Build configuration list for PBXNativeTarget "CrudOperationsNew" */ = {
			isa = XCConfigurationList;
			buildConfigurations = (
				DADE9B3E1D9E6E3B00C68612 /* Debug */,
				DADE9B3F1D9E6E3B00C68612 /* Release */,
			);
			defaultConfigurationIsVisible = 0;
			defaultConfigurationName = Release;
		};
		DADE9B401D9E6E3B00C68612 /* Build configuration list for PBXNativeTarget "CrudOperationsNewTests" */ = {
			isa = XCConfigurationList;
			buildConfigurations = (
				DADE9B411D9E6E3B00C68612 /* Debug */,
				DADE9B421D9E6E3B00C68612 /* Release */,
			);
			defaultConfigurationIsVisible = 0;
			defaultConfigurationName = Release;
		};
		DADE9B431D9E6E3B00C68612 /* Build configuration list for PBXNativeTarget "CrudOperationsNewUITests" */ = {
			isa = XCConfigurationList;
			buildConfigurations = (
				DADE9B441D9E6E3B00C68612 /* Debug */,
				DADE9B451D9E6E3B00C68612 /* Release */,
			);
			defaultConfigurationIsVisible = 0;
			defaultConfigurationName = Release;
		};
/* End XCConfigurationList section */

/* Begin XCVersionGroup section */
		DADE9B1C1D9E6E3B00C68612 /* CrudOperationsNew.xcdatamodeld */ = {
			isa = XCVersionGroup;
			children = (
				DADE9B1D1D9E6E3B00C68612 /* CrudOperationsNew.xcdatamodel */,
			);
			currentVersion = DADE9B1D1D9E6E3B00C68612 /* CrudOperationsNew.xcdatamodel */;
			path = CrudOperationsNew.xcdatamodeld;
			sourceTree = "<group>";
			versionGroupType = wrapper.xcdatamodel;
		};
/* End XCVersionGroup section */
	};
	rootObject = DADE9B051D9E6E3B00C68612 /* Project object */;
}
